<?xml version="1.0" encoding="utf-8"?>
<Project ToolsVersion="4.0" xmlns="http://schemas.microsoft.com/developer/msbuild/2003">
  <ItemGroup>
    <Filter Include="소스 파일">
      <UniqueIdentifier>{4FC737F1-C7A5-4376-A066-2A32D752A2FF}</UniqueIdentifier>
      <Extensions>cpp;c;cc;cxx;c++;cppm;ixx;def;odl;idl;hpj;bat;asm;asmx</Extensions>
    </Filter>
    <Filter Include="헤더 파일">
      <UniqueIdentifier>{93995380-89BD-4b04-88EB-625FBE52EBFB}</UniqueIdentifier>
      <Extensions>h;hh;hpp;hxx;h++;hm;inl;inc;ipp;xsd</Extensions>
    </Filter>
    <Filter Include="리소스 파일">
      <UniqueIdentifier>{67DA6AB6-F800-4c08-8B7A-83BB121AAD01}</UniqueIdentifier>
      <Extensions>rc;ico;cur;bmp;dlg;rc2;rct;bin;rgs;gif;jpg;jpeg;jpe;resx;tiff;tif;png;wav;mfcribbon-ms</Extensions>
    </Filter>
    <Filter Include="Engine">
      <UniqueIdentifier>{f26717e6-e9c3-48d2-9b57-6be2d59349fe}</UniqueIdentifier>
    </Filter>
    <Filter Include="Engine\Core">
      <UniqueIdentifier>{c6d7eebc-e9df-4177-9ba5-ae2a73ace128}</UniqueIdentifier>
    </Filter>
    <Filter Include="Util">
      <UniqueIdentifier>{8a9933dc-dbfa-4b30-82cd-fd88d6814f1c}</UniqueIdentifier>
    </Filter>
    <Filter Include="Engine\Manager">
      <UniqueIdentifier>{f79868be-c6bf-46f8-862e-244d7ce351d4}</UniqueIdentifier>
    </Filter>
    <Filter Include="Engine\Manager\TimeManager">
      <UniqueIdentifier>{3903a781-6deb-4228-a1ca-716ce5aa3f7f}</UniqueIdentifier>
    </Filter>
    <Filter Include="Engine\Manager\KeyManager">
      <UniqueIdentifier>{79cb5cf7-1155-41f4-9b41-100749bb52f3}</UniqueIdentifier>
    </Filter>
    <Filter Include="Engine\Manager\SceneManager">
      <UniqueIdentifier>{4ea7c165-8ccf-4285-8daa-411c38f2d5eb}</UniqueIdentifier>
    </Filter>
    <Filter Include="Resource">
      <UniqueIdentifier>{480b106c-b4d2-48f3-b9df-0788a7e8295b}</UniqueIdentifier>
    </Filter>
    <Filter Include="Resource\Texture">
      <UniqueIdentifier>{9356b025-60f7-4948-88e3-0fc965711ab6}</UniqueIdentifier>
    </Filter>
    <Filter Include="Resource\Sound">
      <UniqueIdentifier>{d10c1c04-7fca-4d4a-8e19-16cd5269f7ee}</UniqueIdentifier>
    </Filter>
    <Filter Include="Engine\Manager\PathManager">
      <UniqueIdentifier>{a90d9e88-a234-4ebd-824e-b359db2bbd93}</UniqueIdentifier>
    </Filter>
    <Filter Include="Engine\Manager\ResourceManager">
      <UniqueIdentifier>{909f033e-b293-44d9-96d7-2d3a82d7b412}</UniqueIdentifier>
    </Filter>
    <Filter Include="Engine\Component">
      <UniqueIdentifier>{27ef5539-867a-411e-9241-ef8c53da8440}</UniqueIdentifier>
    </Filter>
    <Filter Include="Engine\Component\Collider">
      <UniqueIdentifier>{7800bc79-0753-4686-9280-1e9702db3347}</UniqueIdentifier>
    </Filter>
    <Filter Include="Engine\Manager\CollisionManager">
      <UniqueIdentifier>{9f436556-5a9f-4bbb-9ab7-c57a1eca7119}</UniqueIdentifier>
    </Filter>
    <Filter Include="Engine\Manager\EventManager">
      <UniqueIdentifier>{be08e240-788f-42f1-887d-d483a3449e02}</UniqueIdentifier>
    </Filter>
    <Filter Include="Engine\Component\Animator">
      <UniqueIdentifier>{1e8aa189-68b1-46df-b93e-9b87ba3ce3df}</UniqueIdentifier>
    </Filter>
    <Filter Include="Engine\Component\Animator\Animation">
      <UniqueIdentifier>{71b5a13e-e9a1-4342-a019-3819e128c521}</UniqueIdentifier>
    </Filter>
    <Filter Include="Engine\Manager\CameraManager">
      <UniqueIdentifier>{100baeb5-a225-43af-abcf-6e5bfa967249}</UniqueIdentifier>
    </Filter>
    <Filter Include="Engine\Manager\UIManager">
      <UniqueIdentifier>{b49216cc-8bdb-4e82-a198-719222148db7}</UniqueIdentifier>
    </Filter>
    <Filter Include="Engine\Manager\SoundManager">
      <UniqueIdentifier>{3b17dbce-fe7b-451e-b93f-9969ea622385}</UniqueIdentifier>
    </Filter>
    <Filter Include="Object">
      <UniqueIdentifier>{9e958a1c-a626-4be4-8de2-59642d516a23}</UniqueIdentifier>
    </Filter>
    <Filter Include="Object\Player">
      <UniqueIdentifier>{0adc0876-04d6-4dc2-bf16-8836e7f6819a}</UniqueIdentifier>
    </Filter>
    <Filter Include="Object\Enemy">
      <UniqueIdentifier>{09ed6554-43f4-41ac-a787-b4226eb3a9e2}</UniqueIdentifier>
    </Filter>
    <Filter Include="Object\Tile">
      <UniqueIdentifier>{9c50eb17-a532-45b0-89b4-7ba29952f985}</UniqueIdentifier>
    </Filter>
    <Filter Include="Object\UI">
      <UniqueIdentifier>{b09f0863-ae12-40ea-ac37-f8ba442c8a7a}</UniqueIdentifier>
    </Filter>
    <Filter Include="Object\Platform">
      <UniqueIdentifier>{4690b2f9-7a8f-4064-b01d-35ed3f811a36}</UniqueIdentifier>
    </Filter>
    <Filter Include="Scene">
      <UniqueIdentifier>{0aaf5b87-3026-45be-bc35-9a564a9f0019}</UniqueIdentifier>
    </Filter>
    <Filter Include="Object\Background">
      <UniqueIdentifier>{6facd5f2-25fb-4a53-8b4e-bae44adc0e3a}</UniqueIdentifier>
    </Filter>
    <Filter Include="Resource\CD2DImage">
      <UniqueIdentifier>{9c63162f-4651-4e39-88a8-934a6c1fe96a}</UniqueIdentifier>
    </Filter>
    <Filter Include="Engine\Manager\RenderManager">
      <UniqueIdentifier>{c8a1289f-677a-4bd5-a78d-84d4f86697e5}</UniqueIdentifier>
    </Filter>
    <Filter Include="Object\PrayStructure">
      <UniqueIdentifier>{8285615a-3432-4ae2-946a-790a9128faf7}</UniqueIdentifier>
    </Filter>
    <Filter Include="Object\Weapon">
      <UniqueIdentifier>{1a7a0d34-abc1-4fee-a399-6cb269a20a5f}</UniqueIdentifier>
    </Filter>
    <Filter Include="Object\Weapon\PlayerSword">
      <UniqueIdentifier>{8e57a9dd-476d-4e27-93f1-dd18c61cda22}</UniqueIdentifier>
    </Filter>
    <Filter Include="Object\WarpPoint">
      <UniqueIdentifier>{35caece4-8c49-4eec-82fd-ca9a160d95b8}</UniqueIdentifier>
    </Filter>
    <Filter Include="Object\AI">
      <UniqueIdentifier>{a8815483-f064-426a-a2f8-81ba25343650}</UniqueIdentifier>
    </Filter>
    <Filter Include="Object\AI\State">
      <UniqueIdentifier>{23737534-59b2-449e-bb1e-e3da756bbc09}</UniqueIdentifier>
    </Filter>
    <Filter Include="Object\AI\State\Idle">
      <UniqueIdentifier>{161b35ad-5de9-4630-8519-2ee8f65a4979}</UniqueIdentifier>
    </Filter>
  </ItemGroup>
  <ItemGroup>
    <ClInclude Include="framework.h">
      <Filter>헤더 파일</Filter>
    </ClInclude>
    <ClInclude Include="targetver.h">
      <Filter>헤더 파일</Filter>
    </ClInclude>
    <ClInclude Include="Resource.h">
      <Filter>헤더 파일</Filter>
    </ClInclude>
    <ClInclude Include="CCore.h">
      <Filter>Engine\Core</Filter>
    </ClInclude>
    <ClInclude Include="CSingleton.h">
      <Filter>Util</Filter>
    </ClInclude>
    <ClInclude Include="struct.h">
      <Filter>Util</Filter>
    </ClInclude>
    <ClInclude Include="Logger.h">
      <Filter>Util</Filter>
    </ClInclude>
    <ClInclude Include="CGameObject.h">
      <Filter>Object</Filter>
    </ClInclude>
    <ClInclude Include="CTimeManager.h">
      <Filter>Engine\Manager\TimeManager</Filter>
    </ClInclude>
    <ClInclude Include="CKeyManager.h">
      <Filter>Engine\Manager\KeyManager</Filter>
    </ClInclude>
    <ClInclude Include="CTimeManager.h">
      <Filter>Engine\Manager\TimeManager</Filter>
    </ClInclude>
    <ClInclude Include="CScene.h">
      <Filter>Scene</Filter>
    </ClInclude>
    <ClInclude Include="CSceneManager.h">
      <Filter>Engine\Manager\SceneManager</Filter>
    </ClInclude>
    <ClInclude Include="CScene_Stage1.h">
      <Filter>Scene</Filter>
    </ClInclude>
    <ClInclude Include="CPlayer.h">
      <Filter>Object\Player</Filter>
    </ClInclude>
    <ClInclude Include="CEnemy.h">
      <Filter>Object\Enemy</Filter>
    </ClInclude>
    <ClInclude Include="CResource.h">
      <Filter>Resource</Filter>
    </ClInclude>
    <ClInclude Include="CTexture.h">
      <Filter>Resource\Texture</Filter>
    </ClInclude>
    <ClInclude Include="CPathManager.h">
      <Filter>Engine\Manager\PathManager</Filter>
    </ClInclude>
    <ClInclude Include="CResourceManager.h">
      <Filter>Engine\Manager\ResourceManager</Filter>
    </ClInclude>
    <ClInclude Include="CCollider.h">
      <Filter>Engine\Component\Collider</Filter>
    </ClInclude>
    <ClInclude Include="CCollisionManager.h">
      <Filter>Engine\Manager\CollisionManager</Filter>
    </ClInclude>
    <ClInclude Include="CEventManager.h">
      <Filter>Engine\Manager\EventManager</Filter>
    </ClInclude>
    <ClInclude Include="CScene_Tool.h">
      <Filter>Scene</Filter>
    </ClInclude>
    <ClInclude Include="CAnimator.h">
      <Filter>Engine\Component\Animator</Filter>
    </ClInclude>
    <ClInclude Include="CAnimation.h">
      <Filter>Engine\Component\Animator\Animation</Filter>
    </ClInclude>
    <ClInclude Include="CCameraManager.h">
      <Filter>Engine\Manager\CameraManager</Filter>
    </ClInclude>
    <ClInclude Include="CTile.h">
      <Filter>Object\Tile</Filter>
    </ClInclude>
    <ClInclude Include="CUI.h">
      <Filter>Object\UI</Filter>
    </ClInclude>
    <ClInclude Include="CUIManager.h">
      <Filter>Engine\Manager\UIManager</Filter>
    </ClInclude>
    <ClInclude Include="CButtonUI.h">
      <Filter>Object\UI</Filter>
    </ClInclude>
    <ClInclude Include="CPanelUI.h">
      <Filter>Object\UI</Filter>
    </ClInclude>
    <ClInclude Include="CSound.h">
      <Filter>Resource\Sound</Filter>
    </ClInclude>
    <ClInclude Include="CSoundManager.h">
      <Filter>Engine\Manager\SoundManager</Filter>
    </ClInclude>
    <ClInclude Include="CPlatform.h">
      <Filter>Object\Platform</Filter>
    </ClInclude>
    <ClInclude Include="Blasphemous_Copy.h">
      <Filter>헤더 파일</Filter>
    </ClInclude>
    <ClInclude Include="CBackground.h">
      <Filter>Object\Background</Filter>
    </ClInclude>
    <ClInclude Include="CD2DImage.h">
      <Filter>Resource\CD2DImage</Filter>
    </ClInclude>
    <ClInclude Include="CRenderManager.h">
      <Filter>Engine\Manager\RenderManager</Filter>
    </ClInclude>
    <ClInclude Include="CPrayerTable.h">
      <Filter>Object\PrayStructure</Filter>
    </ClInclude>
    <ClInclude Include="CWeapon.h">
      <Filter>Object\Weapon</Filter>
    </ClInclude>
    <ClInclude Include="CPlayerSword.h">
      <Filter>Object\Weapon\PlayerSword</Filter>
    </ClInclude>
    <ClInclude Include="CWarpPoint.h">
      <Filter>Object\WarpPoint</Filter>
    </ClInclude>
    <ClInclude Include="CState.h">
      <Filter>Object\AI\State</Filter>
    </ClInclude>
    <ClInclude Include="CState_Idle.h">
      <Filter>Object\AI\State\Idle</Filter>
    </ClInclude>
    <ClInclude Include="AI.h">
      <Filter>Object\AI</Filter>
    </ClInclude>
  </ItemGroup>
  <ItemGroup>
    <ClCompile Include="CCore.cpp">
      <Filter>Engine\Core</Filter>
    </ClCompile>
    <ClCompile Include="CGameObject.cpp">
      <Filter>Object</Filter>
    </ClCompile>
    <ClCompile Include="CTimeManager.cpp">
      <Filter>Engine\Manager\TimeManager</Filter>
    </ClCompile>
    <ClCompile Include="CKeyManager.cpp">
      <Filter>Engine\Manager\KeyManager</Filter>
    </ClCompile>
    <ClCompile Include="CScene.cpp">
      <Filter>Scene</Filter>
    </ClCompile>
    <ClCompile Include="CSceneManager.cpp">
      <Filter>Engine\Manager\SceneManager</Filter>
    </ClCompile>
    <ClCompile Include="CScene_Stage1.cpp">
      <Filter>Scene</Filter>
    </ClCompile>
    <ClCompile Include="CPlayer.cpp">
      <Filter>Object\Player</Filter>
    </ClCompile>
    <ClCompile Include="CEnemy.cpp">
      <Filter>Object\Enemy</Filter>
    </ClCompile>
    <ClCompile Include="CResource.cpp">
      <Filter>Resource</Filter>
    </ClCompile>
    <ClCompile Include="CTexture.cpp">
      <Filter>Resource\Texture</Filter>
    </ClCompile>
    <ClCompile Include="CPathManager.cpp">
      <Filter>Engine\Manager\PathManager</Filter>
    </ClCompile>
    <ClCompile Include="CResourceManager.cpp">
      <Filter>Engine\Manager\ResourceManager</Filter>
    </ClCompile>
    <ClCompile Include="CCollider.cpp">
      <Filter>Engine\Component\Collider</Filter>
    </ClCompile>
    <ClCompile Include="CCollisionManager.cpp">
      <Filter>Engine\Manager\CollisionManager</Filter>
    </ClCompile>
    <ClCompile Include="CEventManager.cpp">
      <Filter>Engine\Manager\EventManager</Filter>
    </ClCompile>
    <ClCompile Include="CScene_Tool.cpp">
      <Filter>Scene</Filter>
    </ClCompile>
    <ClCompile Include="CAnimator.cpp">
      <Filter>Engine\Component\Animator</Filter>
    </ClCompile>
    <ClCompile Include="CAnimation.cpp">
      <Filter>Engine\Component\Animator\Animation</Filter>
    </ClCompile>
    <ClCompile Include="CCameraManager.cpp">
      <Filter>Engine\Manager\CameraManager</Filter>
    </ClCompile>
    <ClCompile Include="CTile.cpp">
      <Filter>Object\Tile</Filter>
    </ClCompile>
    <ClCompile Include="CUI.cpp">
      <Filter>Object\UI</Filter>
    </ClCompile>
    <ClCompile Include="CUIManager.cpp">
      <Filter>Engine\Manager\UIManager</Filter>
    </ClCompile>
    <ClCompile Include="CButtonUI.cpp">
      <Filter>Object\UI</Filter>
    </ClCompile>
    <ClCompile Include="CPanelUI.cpp">
      <Filter>Object\UI</Filter>
    </ClCompile>
    <ClCompile Include="CSound.cpp">
      <Filter>Resource\Sound</Filter>
    </ClCompile>
    <ClCompile Include="CSoundManager.cpp">
      <Filter>Engine\Manager\SoundManager</Filter>
    </ClCompile>
    <ClCompile Include="CPlatform.cpp">
      <Filter>Object\Platform</Filter>
    </ClCompile>
    <ClCompile Include="Blasphemous_Copy.cpp">
      <Filter>소스 파일</Filter>
    </ClCompile>
    <ClCompile Include="CBackground.cpp">
      <Filter>Object\Background</Filter>
    </ClCompile>
    <ClCompile Include="CD2DImage.cpp">
      <Filter>Resource\CD2DImage</Filter>
    </ClCompile>
    <ClCompile Include="CRenderManager.cpp">
      <Filter>Engine\Manager\RenderManager</Filter>
    </ClCompile>
    <ClCompile Include="CPrayerTable.cpp">
      <Filter>Object\PrayStructure</Filter>
    </ClCompile>
    <ClCompile Include="CWeapon.cpp">
      <Filter>Object\Weapon</Filter>
    </ClCompile>
    <ClCompile Include="CPlayerSword.cpp">
      <Filter>Object\Weapon\PlayerSword</Filter>
    </ClCompile>
    <ClCompile Include="CWarpPoint.cpp">
      <Filter>Object\WarpPoint</Filter>
    </ClCompile>
    <ClCompile Include="AI.cpp">
      <Filter>Object\AI</Filter>
    </ClCompile>
    <ClCompile Include="CState.cpp">
      <Filter>Object\AI\State</Filter>
    </ClCompile>
    <ClCompile Include="CState_Idle.cpp">
      <Filter>Object\AI\State\Idle</Filter>
    </ClCompile>
  </ItemGroup>
  <ItemGroup>
    <ResourceCompile Include="Blasphemous_Copy.rc">
      <Filter>리소스 파일</Filter>
    </ResourceCompile>
  </ItemGroup>
  <ItemGroup>
    <Image Include="small.ico">
      <Filter>리소스 파일</Filter>
    </Image>
    <Image Include="Blasphemous_Copy.ico">
      <Filter>리소스 파일</Filter>
    </Image>
  </ItemGroup>
</Project>